{
  "name": "sigma-deploy",
  "lockfileVersion": 3,
  "requires": true,
  "packages": {
    "": {
      "devDependencies": {
        "supabase": "^2.106.0-beta.5"
      }
    },
    "node_modules/@supabase/cli-darwin-arm64": {
      "version": "2.106.0-beta.5",
      "resolved": "https://registry.npmjs.org/@supabase/cli-darwin-arm64/-/cli-darwin-arm64-2.106.0-beta.5.tgz",
      "integrity": "sha512-fFncEj3Fy/FsMQpKsGlUZKzkUZRR8+3unex5eiCO2SpOX2ViM6cLKohW+E1JxCjqhob07cLKZGTqXOK2+eIdgg==",
      "cpu": [
        "arm64"
      ],
      "dev": true,
      "license": "MIT",
      "optional": true,
      "os": [
        "darwin"
      ]
    },
    "node_modules/@supabase/cli-darwin-x64": {
      "version": "2.106.0-beta.5",
      "resolved": "https://registry.npmjs.org/@supabase/cli-darwin-x64/-/cli-darwin-x64-2.106.0-beta.5.tgz",
      "integrity": "sha512-kSYUS/sIvaGBpZOLaoGuTCzGe3SZz9mVpxahRTuoLbp3PeCEZY+RpJUAKiFAiv0sZIg0m2rM+stGIGjY7tjPBg==",
      "cpu": [
        "x64"
      ],
      "dev": true,
      "license": "MIT",
      "optional": true,
      "os": [
        "darwin"
      ]
    },
    "node_modules/@supabase/cli-linux-arm64": {
      "version": "2.106.0-beta.5",
      "resolved": "https://registry.npmjs.org/@supabase/cli-linux-arm64/-/cli-linux-arm64-2.106.0-beta.5.tgz",
      "integrity": "sha512-WyFARKQbZQH5OXHlje+on4bTO3w7IN7NtgEwGDjI9Fa++mVH67xJq/GEvgVixZFoJF58RTT7BUrkZHzIQ4UtBA==",
      "cpu": [
        "arm64"
      ],
      "dev": true,
      "license": "MIT",
      "optional": true,
      "os": [
        "linux"
      ]
    },
    "node_modules/@supabase/cli-linux-arm64-musl": {
      "version": "2.106.0-beta.5",
      "resolved": "https://registry.npmjs.org/@supabase/cli-linux-arm64-musl/-/cli-linux-arm64-musl-2.106.0-beta.5.tgz",
      "integrity": "sha512-44XsMRk6DEr9sk5u1YhNZJ5dpJ1C5IGwFoCXO9tfbZ+ezIG+K4R9u/sdBGHxCiWTDI4kcM+LZZaiMyeOg67NyQ==",
      "cpu": [
        "arm64"
      ],
      "dev": true,
      "license": "MIT",
      "optional": true,
      "os": [
        "linux"
      ]
    },
    "node_modules/@supabase/cli-linux-x64": {
      "version": "2.106.0-beta.5",
      "resolved": "https://registry.npmjs.org/@supabase/cli-linux-x64/-/cli-linux-x64-2.106.0-beta.5.tgz",
      "integrity": "sha512-FAskaeF0NvMMQ6C5y0jZu2I8yT6bWKPq1+CBRNN5zszo+cO8zCZno+nGTU5SauWyLfS2KQHQcRGwVYZEFnSRBA==",
      "cpu": [
        "x64"
      ],
      "dev": true,
      "license": "MIT",
      "optional": true,
      "os": [
        "linux"
      ]
    },
    "node_modules/@supabase/cli-linux-x64-musl": {
      "version": "2.106.0-beta.5",
      "resolved": "https://registry.npmjs.org/@supabase/cli-linux-x64-musl/-/cli-linux-x64-musl-2.106.0-beta.5.tgz",
      "integrity": "sha512-8gp0KgngeoO0Awh5vEeaJsIMiRXbanjAkF6PM3tYjeuLxK1rFoGtIiR9NKpfV9ABwpf86qDDByqa4SHvVSxvSQ==",
      "cpu": [
        "x64"
      ],
      "dev": true,
      "license": "MIT",
      "optional": true,
      "os": [
        "linux"
      ]
    },
    "node_modules/@supabase/cli-windows-arm64": {
      "version": "2.106.0-beta.5",
      "resolved": "https://registry.npmjs.org/@supabase/cli-windows-arm64/-/cli-windows-arm64-2.106.0-beta.5.tgz",
      "integrity": "sha512-DSwp8rJvw+sjBIS4fdxx6XxFqaF59344Q7LvnvbH88ooBZ7fx6MZ6ZYdE0QhtgfGGiaDQees7PN7GC0wQEmdZg==",
      "cpu": [
        "arm64"
      ],
      "dev": true,
      "license": "MIT",
      "optional": true,
      "os": [
        "win32"
      ]
    },
    "node_modules/@supabase/cli-windows-x64": {
      "version": "2.106.0-beta.5",
      "resolved": "https://registry.npmjs.org/@supabase/cli-windows-x64/-/cli-windows-x64-2.106.0-beta.5.tgz",
      "integrity": "sha512-xwzbNj7boVsRwTcUKiexSDsZW46sA8xuWftCtTklWPzbg8qFF3UOQsgjac9R+G/WfNyBakaQeQN0j1BLYc2rMQ==",
      "cpu": [
        "x64"
      ],
      "dev": true,
      "license": "MIT",
      "optional": true,
      "os": [
        "win32"
      ]
    },
    "node_modules/supabase": {
      "version": "2.106.0-beta.5",
      "resolved": "https://registry.npmjs.org/supabase/-/supabase-2.106.0-beta.5.tgz",
      "integrity": "sha512-pj9Ag3zWEE7QinV4qRRbICLcdMQIvKxh9p2Uf9a45rOOwOzKhpr0+NXu3kxWFGJkNUHz2MrjXC9A70QIl1O+AQ==",
      "dev": true,
      "license": "MIT",
      "bin": {
        "supabase": "dist/supabase.js"
      },
      "optionalDependencies": {
        "@supabase/cli-darwin-arm64": "2.106.0-beta.5",
        "@supabase/cli-darwin-x64": "2.106.0-beta.5",
        "@supabase/cli-linux-arm64": "2.106.0-beta.5",
        "@supabase/cli-linux-arm64-musl": "2.106.0-beta.5",
        "@supabase/cli-linux-x64": "2.106.0-beta.5",
        "@supabase/cli-linux-x64-musl": "2.106.0-beta.5",
        "@supabase/cli-windows-arm64": "2.106.0-beta.5",
        "@supabase/cli-windows-x64": "2.106.0-beta.5"
      }
    }
  }
}
